
Microsoft Visual Studio Solution File, Format Version 12.00
# Visual Studio 15
VisualStudioVersion = 15.0.27428.2027
MinimumVisualStudioVersion = 10.0.40219.1
Project("{FAE04EC0-301F-11D3-BF4B-00C04F79EFBC}") = "BitFlyer", "BitFlyer\BitFlyer.csproj", "{A82C440F-0A94-4CDB-A433-882635DC2C77}"
EndProject
Global
	GlobalSection(SolutionConfigurationPlatforms) = preSolution
		Debug|Any CPU = Debug|Any CPU
		Release|Any CPU = Release|Any CPU
	EndGlobalSection
	GlobalSection(ProjectConfigurationPlatforms) = postSolution
		{A82C440F-0A94-4CDB-A433-882635DC2C77}.Debug|Any CPU.ActiveCfg = Debug|Any CPU
		{A82C440F-0A94-4CDB-A433-882635DC2C77}.Debug|Any CPU.Build.0 = Debug|Any CPU
		{A82C440F-0A94-4CDB-A433-882635DC2C77}.Release|Any CPU.ActiveCfg = Release|Any CPU
		{A82C440F-0A94-4CDB-A433-882635DC2C77}.Release|Any CPU.Build.0 = Release|Any CPU
	EndGlobalSection
	GlobalSection(SolutionProperties) = preSolution
		HideSolutionNode = FALSE
	EndGlobalSection
	GlobalSection(ExtensibilityGlobals) = postSolution
		SolutionGuid = {C27D0A5F-857A-4876-857C-21503CD72529}
	EndGlobalSection
EndGlobal
